// !$*UTF8*$!
{
	archiveVersion = 1;
	classes = {
	};
	objectVersion = 46;
	objects = {

/* Begin PBXBuildFile section */
		85D1276B08B65F820756CC07 /* libPods-WhatsAppStickersShare.a in Frameworks */ = {isa = PBXBuildFile; fileRef = 05432689EAD1C5B61327BF54 /* libPods-WhatsAppStickersShare.a */; };
		B3E7B58A1CC2AC0600A0062D /* WhatsAppStickersShare.m in Sources */ = {isa = PBXBuildFile; fileRef = B3E7B5891CC2AC0600A0062D /* WhatsAppStickersShare.m */; };
		DF1731452435F070006F4E53 /* Interoperability.swift in Sources */ = {isa = PBXBuildFile; fileRef = DF1731412435F070006F4E53 /* Interoperability.swift */; };
		DF1731462435F070006F4E53 /* StickerPack.swift in Sources */ = {isa = PBXBuildFile; fileRef = DF1731422435F070006F4E53 /* StickerPack.swift */; };
		DF1731472435F070006F4E53 /* Sticker.swift in Sources */ = {isa = PBXBuildFile; fileRef = DF1731432435F070006F4E53 /* Sticker.swift */; };
		DF1731482435F070006F4E53 /* Limits.swift in Sources */ = {isa = PBXBuildFile; fileRef = DF1731442435F070006F4E53 /* Limits.swift */; };
		DF17314A2435F18D006F4E53 /* ImageData.swift in Sources */ = {isa = PBXBuildFile; fileRef = DF1731492435F18D006F4E53 /* ImageData.swift */; };
		DF17314E2435F9C6006F4E53 /* WebP.framework in Frameworks */ = {isa = PBXBuildFile; fileRef = DF17314B2435F9C5006F4E53 /* WebP.framework */; };
		DF17314F2435F9C6006F4E53 /* UIImage+WebP.m in Sources */ = {isa = PBXBuildFile; fileRef = DF17314D2435F9C6006F4E53 /* UIImage+WebP.m */; };
		DF17315324361427006F4E53 /* WhatsAppStickersShare.swift in Sources */ = {isa = PBXBuildFile; fileRef = DF17315224361427006F4E53 /* WhatsAppStickersShare.swift */; };
		DF1731552436214B006F4E53 /* DownloadManager.swift in Sources */ = {isa = PBXBuildFile; fileRef = DF1731542436214B006F4E53 /* DownloadManager.swift */; };
/* End PBXBuildFile section */

/* Begin PBXCopyFilesBuildPhase section */
		58B511D91A9E6C8500147676 /* CopyFiles */ = {
			isa = PBXCopyFilesBuildPhase;
			buildActionMask = 2147483647;
			dstPath = "include/$(PRODUCT_NAME)";
			dstSubfolderSpec = 16;
			files = (
			);
			runOnlyForDeploymentPostprocessing = 0;
		};
/* End PBXCopyFilesBuildPhase section */

/* Begin PBXFileReference section */
		05432689EAD1C5B61327BF54 /* libPods-WhatsAppStickersShare.a */ = {isa = PBXFileReference; explicitFileType = archive.ar; includeInIndex = 0; path = "libPods-WhatsAppStickersShare.a"; sourceTree = BUILT_PRODUCTS_DIR; };
		134814201AA4EA6300B7C361 /* libWhatsAppStickersShare.a */ = {isa = PBXFileReference; explicitFileType = archive.ar; includeInIndex = 0; path = libWhatsAppStickersShare.a; sourceTree = BUILT_PRODUCTS_DIR; };
		1A17996BB8BF07DD4FDEF6DD /* Pods-WhatsAppStickersShare.release.xcconfig */ = {isa = PBXFileReference; includeInIndex = 1; lastKnownFileType = text.xcconfig; name = "Pods-WhatsAppStickersShare.release.xcconfig"; path = "Target Support Files/Pods-WhatsAppStickersShare/Pods-WhatsAppStickersShare.release.xcconfig"; sourceTree = "<group>"; };
		B3E7B5881CC2AC0600A0062D /* WhatsAppStickersShare.h */ = {isa = PBXFileReference; fileEncoding = 4; lastKnownFileType = sourcecode.c.h; path = WhatsAppStickersShare.h; sourceTree = "<group>"; };
		B3E7B5891CC2AC0600A0062D /* WhatsAppStickersShare.m */ = {isa = PBXFileReference; fileEncoding = 4; lastKnownFileType = sourcecode.c.objc; path = WhatsAppStickersShare.m; sourceTree = "<group>"; };
		C088A3A46C1428DA259197D4 /* Pods-WhatsAppStickersShare.debug.xcconfig */ = {isa = PBXFileReference; includeInIndex = 1; lastKnownFileType = text.xcconfig; name = "Pods-WhatsAppStickersShare.debug.xcconfig"; path = "Target Support Files/Pods-WhatsAppStickersShare/Pods-WhatsAppStickersShare.debug.xcconfig"; sourceTree = "<group>"; };
		DF1731402435F06F006F4E53 /* WhatsAppStickersShare-Bridging-Header.h */ = {isa = PBXFileReference; lastKnownFileType = sourcecode.c.h; path = "WhatsAppStickersShare-Bridging-Header.h"; sourceTree = "<group>"; };
		DF1731412435F070006F4E53 /* Interoperability.swift */ = {isa = PBXFileReference; fileEncoding = 4; lastKnownFileType = sourcecode.swift; path = Interoperability.swift; sourceTree = "<group>"; };
		DF1731422435F070006F4E53 /* StickerPack.swift */ = {isa = PBXFileReference; fileEncoding = 4; lastKnownFileType = sourcecode.swift; path = StickerPack.swift; sourceTree = "<group>"; };
		DF1731432435F070006F4E53 /* Sticker.swift */ = {isa = PBXFileReference; fileEncoding = 4; lastKnownFileType = sourcecode.swift; path = Sticker.swift; sourceTree = "<group>"; };
		DF1731442435F070006F4E53 /* Limits.swift */ = {isa = PBXFileReference; fileEncoding = 4; lastKnownFileType = sourcecode.swift; path = Limits.swift; sourceTree = "<group>"; };
		DF1731492435F18D006F4E53 /* ImageData.swift */ = {isa = PBXFileReference; fileEncoding = 4; lastKnownFileType = sourcecode.swift; path = ImageData.swift; sourceTree = "<group>"; };
		DF17314B2435F9C5006F4E53 /* WebP.framework */ = {isa = PBXFileReference; lastKnownFileType = wrapper.framework; path = WebP.framework; sourceTree = "<group>"; };
		DF17314C2435F9C5006F4E53 /* UIImage+WebP.h */ = {isa = PBXFileReference; fileEncoding = 4; lastKnownFileType = sourcecode.c.h; path = "UIImage+WebP.h"; sourceTree = "<group>"; };
		DF17314D2435F9C6006F4E53 /* UIImage+WebP.m */ = {isa = PBXFileReference; fileEncoding = 4; lastKnownFileType = sourcecode.c.objc; path = "UIImage+WebP.m"; sourceTree = "<group>"; };
		DF17315224361427006F4E53 /* WhatsAppStickersShare.swift */ = {isa = PBXFileReference; lastKnownFileType = sourcecode.swift; path = WhatsAppStickersShare.swift; sourceTree = "<group>"; };
		DF1731542436214B006F4E53 /* DownloadManager.swift */ = {isa = PBXFileReference; lastKnownFileType = sourcecode.swift; path = DownloadManager.swift; sourceTree = "<group>"; };
/* End PBXFileReference section */

/* Begin PBXFrameworksBuildPhase section */
		58B511D81A9E6C8500147676 /* Frameworks */ = {
			isa = PBXFrameworksBuildPhase;
			buildActionMask = 2147483647;
			files = (
				DF17314E2435F9C6006F4E53 /* WebP.framework in Frameworks */,
				85D1276B08B65F820756CC07 /* libPods-WhatsAppStickersShare.a in Frameworks */,
			);
			runOnlyForDeploymentPostprocessing = 0;
		};
/* End PBXFrameworksBuildPhase section */

/* Begin PBXGroup section */
		002765A972144D8D366DAD8D /* Pods */ = {
			isa = PBXGroup;
			children = (
				C088A3A46C1428DA259197D4 /* Pods-WhatsAppStickersShare.debug.xcconfig */,
				1A17996BB8BF07DD4FDEF6DD /* Pods-WhatsAppStickersShare.release.xcconfig */,
			);
			path = Pods;
			sourceTree = "<group>";
		};
		134814211AA4EA7D00B7C361 /* Products */ = {
			isa = PBXGroup;
			children = (
				134814201AA4EA6300B7C361 /* libWhatsAppStickersShare.a */,
			);
			name = Products;
			sourceTree = "<group>";
		};
		351AB9AB42B31F95A265416E /* Frameworks */ = {
			isa = PBXGroup;
			children = (
				05432689EAD1C5B61327BF54 /* libPods-WhatsAppStickersShare.a */,
			);
			name = Frameworks;
			sourceTree = "<group>";
		};
		58B511D21A9E6C8500147676 = {
			isa = PBXGroup;
			children = (
				DF1731542436214B006F4E53 /* DownloadManager.swift */,
				DF17315224361427006F4E53 /* WhatsAppStickersShare.swift */,
				DF17314C2435F9C5006F4E53 /* UIImage+WebP.h */,
				DF17314D2435F9C6006F4E53 /* UIImage+WebP.m */,
				DF17314B2435F9C5006F4E53 /* WebP.framework */,
				DF1731492435F18D006F4E53 /* ImageData.swift */,
				DF1731412435F070006F4E53 /* Interoperability.swift */,
				DF1731442435F070006F4E53 /* Limits.swift */,
				DF1731432435F070006F4E53 /* Sticker.swift */,
				DF1731422435F070006F4E53 /* StickerPack.swift */,
				B3E7B5881CC2AC0600A0062D /* WhatsAppStickersShare.h */,
				B3E7B5891CC2AC0600A0062D /* WhatsAppStickersShare.m */,
				134814211AA4EA7D00B7C361 /* Products */,
				DF1731402435F06F006F4E53 /* WhatsAppStickersShare-Bridging-Header.h */,
				002765A972144D8D366DAD8D /* Pods */,
				351AB9AB42B31F95A265416E /* Frameworks */,
			);
			sourceTree = "<group>";
		};
/* End PBXGroup section */

/* Begin PBXNativeTarget section */
		58B511DA1A9E6C8500147676 /* WhatsAppStickersShare */ = {
			isa = PBXNativeTarget;
			buildConfigurationList = 58B511EF1A9E6C8500147676 /* Build configuration list for PBXNativeTarget "WhatsAppStickersShare" */;
			buildPhases = (
				4000C26A843F2B01E7E9A7DA /* [CP] Check Pods Manifest.lock */,
				58B511D71A9E6C8500147676 /* Sources */,
				58B511D81A9E6C8500147676 /* Frameworks */,
				58B511D91A9E6C8500147676 /* CopyFiles */,
			);
			buildRules = (
			);
			dependencies = (
			);
			name = WhatsAppStickersShare;
			productName = RCTDataManager;
			productReference = 134814201AA4EA6300B7C361 /* libWhatsAppStickersShare.a */;
			productType = "com.apple.product-type.library.static";
		};
/* End PBXNativeTarget section */

/* Begin PBXProject section */
		58B511D31A9E6C8500147676 /* Project object */ = {
			isa = PBXProject;
			attributes = {
				LastUpgradeCheck = 0920;
				ORGANIZATIONNAME = Facebook;
				TargetAttributes = {
					58B511DA1A9E6C8500147676 = {
						CreatedOnToolsVersion = 6.1.1;
						LastSwiftMigration = 1130;
					};
				};
			};
			buildConfigurationList = 58B511D61A9E6C8500147676 /* Build configuration list for PBXProject "WhatsAppStickersShare" */;
			compatibilityVersion = "Xcode 3.2";
			developmentRegion = English;
			hasScannedForEncodings = 0;
			knownRegions = (
				English,
				en,
			);
			mainGroup = 58B511D21A9E6C8500147676;
			productRefGroup = 58B511D21A9E6C8500147676;
			projectDirPath = "";
			projectRoot = "";
			targets = (
				58B511DA1A9E6C8500147676 /* WhatsAppStickersShare */,
			);
		};
/* End PBXProject section */

/* Begin PBXShellScriptBuildPhase section */
		4000C26A843F2B01E7E9A7DA /* [CP] Check Pods Manifest.lock */ = {
			isa = PBXShellScriptBuildPhase;
			buildActionMask = 2147483647;
			files = (
			);
			inputFileListPaths = (
			);
			inputPaths = (
				"${PODS_PODFILE_DIR_PATH}/Podfile.lock",
				"${PODS_ROOT}/Manifest.lock",
			);
			name = "[CP] Check Pods Manifest.lock";
			outputFileListPaths = (
			);
			outputPaths = (
				"$(DERIVED_FILE_DIR)/Pods-WhatsAppStickersShare-checkManifestLockResult.txt",
			);
			runOnlyForDeploymentPostprocessing = 0;
			shellPath = /bin/sh;
			shellScript = "diff \"${PODS_PODFILE_DIR_PATH}/Podfile.lock\" \"${PODS_ROOT}/Manifest.lock\" > /dev/null\nif [ $? != 0 ] ; then\n    # print error to STDERR\n    echo \"error: The sandbox is not in sync with the Podfile.lock. Run 'pod install' or update your CocoaPods installation.\" >&2\n    exit 1\nfi\n# This output is used by Xcode 'outputs' to avoid re-running this script phase.\necho \"SUCCESS\" > \"${SCRIPT_OUTPUT_FILE_0}\"\n";
			showEnvVarsInLog = 0;
		};
/* End PBXShellScriptBuildPhase section */

/* Begin PBXSourcesBuildPhase section */
		58B511D71A9E6C8500147676 /* Sources */ = {
			isa = PBXSourcesBuildPhase;
			buildActionMask = 2147483647;
			files = (
				DF1731482435F070006F4E53 /* Limits.swift in Sources */,
				DF17315324361427006F4E53 /* WhatsAppStickersShare.swift in Sources */,
				DF1731462435F070006F4E53 /* StickerPack.swift in Sources */,
				DF1731472435F070006F4E53 /* Sticker.swift in Sources */,
				B3E7B58A1CC2AC0600A0062D /* WhatsAppStickersShare.m in Sources */,
				DF17314F2435F9C6006F4E53 /* UIImage+WebP.m in Sources */,
				DF1731452435F070006F4E53 /* Interoperability.swift in Sources */,
				DF1731552436214B006F4E53 /* DownloadManager.swift in Sources */,
				DF17314A2435F18D006F4E53 /* ImageData.swift in Sources */,
			);
			runOnlyForDeploymentPostprocessing = 0;
		};
/* End PBXSourcesBuildPhase section */

/* Begin XCBuildConfiguration section */
		58B511ED1A9E6C8500147676 /* Debug */ = {
			isa = XCBuildConfiguration;
			buildSettings = {
				ALWAYS_SEARCH_USER_PATHS = NO;
				CLANG_CXX_LANGUAGE_STANDARD = "gnu++0x";
				CLANG_CXX_LIBRARY = "libc++";
				CLANG_ENABLE_MODULES = YES;
				CLANG_ENABLE_OBJC_ARC = YES;
				CLANG_WARN_BLOCK_CAPTURE_AUTORELEASING = YES;
				CLANG_WARN_BOOL_CONVERSION = YES;
				CLANG_WARN_COMMA = YES;
				CLANG_WARN_CONSTANT_CONVERSION = YES;
				CLANG_WARN_DIRECT_OBJC_ISA_USAGE = YES_ERROR;
				CLANG_WARN_EMPTY_BODY = YES;
				CLANG_WARN_ENUM_CONVERSION = YES;
				CLANG_WARN_INFINITE_RECURSION = YES;
				CLANG_WARN_INT_CONVERSION = YES;
				CLANG_WARN_NON_LITERAL_NULL_CONVERSION = YES;
				CLANG_WARN_OBJC_LITERAL_CONVERSION = YES;
				CLANG_WARN_OBJC_ROOT_CLASS = YES_ERROR;
				CLANG_WARN_RANGE_LOOP_ANALYSIS = YES;
				CLANG_WARN_STRICT_PROTOTYPES = YES;
				CLANG_WARN_SUSPICIOUS_MOVE = YES;
				CLANG_WARN_UNREACHABLE_CODE = YES;
				CLANG_WARN__DUPLICATE_METHOD_MATCH = YES;
				COPY_PHASE_STRIP = NO;
				ENABLE_STRICT_OBJC_MSGSEND = YES;
				ENABLE_TESTABILITY = YES;
				GCC_C_LANGUAGE_STANDARD = gnu99;
				GCC_DYNAMIC_NO_PIC = NO;
				GCC_NO_COMMON_BLOCKS = YES;
				GCC_OPTIMIZATION_LEVEL = 0;
				GCC_PREPROCESSOR_DEFINITIONS = (
					"DEBUG=1",
					"$(inherited)",
				);
				GCC_SYMBOLS_PRIVATE_EXTERN = NO;
				GCC_WARN_64_TO_32_BIT_CONVERSION = YES;
				GCC_WARN_ABOUT_RETURN_TYPE = YES_ERROR;
				GCC_WARN_UNDECLARED_SELECTOR = YES;
				GCC_WARN_UNINITIALIZED_AUTOS = YES_AGGRESSIVE;
				GCC_WARN_UNUSED_FUNCTION = YES;
				GCC_WARN_UNUSED_VARIABLE = YES;
				IPHONEOS_DEPLOYMENT_TARGET = 9.0;
				MTL_ENABLE_DEBUG_INFO = YES;
				ONLY_ACTIVE_ARCH = YES;
				SDKROOT = iphoneos;
			};
			name = Debug;
		};
		58B511EE1A9E6C8500147676 /* Release */ = {
			isa = XCBuildConfiguration;
			buildSettings = {
				ALWAYS_SEARCH_USER_PATHS = NO;
				CLANG_CXX_LANGUAGE_STANDARD = "gnu++0x";
				CLANG_CXX_LIBRARY = "libc++";
				CLANG_ENABLE_MODULES = YES;
				CLANG_ENABLE_OBJC_ARC = YES;
				CLANG_WARN_BLOCK_CAPTURE_AUTORELEASING = YES;
				CLANG_WARN_BOOL_CONVERSION = YES;
				CLANG_WARN_COMMA = YES;
				CLANG_WARN_CONSTANT_CONVERSION = YES;
				CLANG_WARN_DIRECT_OBJC_ISA_USAGE = YES_ERROR;
				CLANG_WARN_EMPTY_BODY = YES;
				CLANG_WARN_ENUM_CONVERSION = YES;
				CLANG_WARN_INFINITE_RECURSION = YES;
				CLANG_WARN_INT_CONVERSION = YES;
				CLANG_WARN_NON_LITERAL_NULL_CONVERSION = YES;
				CLANG_WARN_OBJC_LITERAL_CONVERSION = YES;
				CLANG_WARN_OBJC_ROOT_CLASS = YES_ERROR;
				CLANG_WARN_RANGE_LOOP_ANALYSIS = YES;
				CLANG_WARN_STRICT_PROTOTYPES = YES;
				CLANG_WARN_SUSPICIOUS_MOVE = YES;
				CLANG_WARN_UNREACHABLE_CODE = YES;
				CLANG_WARN__DUPLICATE_METHOD_MATCH = YES;
				COPY_PHASE_STRIP = YES;
				ENABLE_NS_ASSERTIONS = NO;
				ENABLE_STRICT_OBJC_MSGSEND = YES;
				GCC_C_LANGUAGE_STANDARD = gnu99;
				GCC_NO_COMMON_BLOCKS = YES;
				GCC_WARN_64_TO_32_BIT_CONVERSION = YES;
				GCC_WARN_ABOUT_RETURN_TYPE = YES_ERROR;
				GCC_WARN_UNDECLARED_SELECTOR = YES;
				GCC_WARN_UNINITIALIZED_AUTOS = YES_AGGRESSIVE;
				GCC_WARN_UNUSED_FUNCTION = YES;
				GCC_WARN_UNUSED_VARIABLE = YES;
				IPHONEOS_DEPLOYMENT_TARGET = 9.0;
				MTL_ENABLE_DEBUG_INFO = NO;
				SDKROOT = iphoneos;
				VALIDATE_PRODUCT = YES;
			};
			name = Release;
		};
		58B511F01A9E6C8500147676 /* Debug */ = {
			isa = XCBuildConfiguration;
			baseConfigurationReference = C088A3A46C1428DA259197D4 /* Pods-WhatsAppStickersShare.debug.xcconfig */;
			buildSettings = {
				CLANG_ENABLE_MODULES = YES;
				FRAMEWORK_SEARCH_PATHS = (
					"$(inherited)",
					"$(PROJECT_DIR)",
				);
				HEADER_SEARCH_PATHS = (
					"$(inherited)",
					/Applications/Xcode.app/Contents/Developer/Toolchains/XcodeDefault.xctoolchain/usr/include,
					"$(SRCROOT)/../../../React/**",
					"$(SRCROOT)/../../react-native/React/**",
				);
				LD_RUNPATH_SEARCH_PATHS = "$(inherited) @executable_path/Frameworks @loader_path/Frameworks";
				LIBRARY_SEARCH_PATHS = "$(inherited)";
				OTHER_LDFLAGS = "-ObjC";
				PRODUCT_NAME = WhatsAppStickersShare;
				SKIP_INSTALL = YES;
				SWIFT_OBJC_BRIDGING_HEADER = "WhatsAppStickersShare-Bridging-Header.h";
				SWIFT_OPTIMIZATION_LEVEL = "-Onone";
				SWIFT_VERSION = 5.0;
			};
			name = Debug;
		};
		58B511F11A9E6C8500147676 /* Release */ = {
			isa = XCBuildConfiguration;
			baseConfigurationReference = 1A17996BB8BF07DD4FDEF6DD /* Pods-WhatsAppStickersShare.release.xcconfig */;
			buildSettings = {
				CLANG_ENABLE_MODULES = YES;
				FRAMEWORK_SEARCH_PATHS = (
					"$(inherited)",
					"$(PROJECT_DIR)",
				);
				HEADER_SEARCH_PATHS = (
					"$(inherited)",
					/Applications/Xcode.app/Contents/Developer/Toolchains/XcodeDefault.xctoolchain/usr/include,
					"$(SRCROOT)/../../../React/**",
					"$(SRCROOT)/../../react-native/React/**",
				);
				LD_RUNPATH_SEARCH_PATHS = "$(inherited) @executable_path/Frameworks @loader_path/Frameworks";
				LIBRARY_SEARCH_PATHS = "$(inherited)";
				OTHER_LDFLAGS = "-ObjC";
				PRODUCT_NAME = WhatsAppStickersShare;
				SKIP_INSTALL = YES;
				SWIFT_OBJC_BRIDGING_HEADER = "WhatsAppStickersShare-Bridging-Header.h";
				SWIFT_VERSION = 5.0;
			};
			name = Release;
		};
/* End XCBuildConfiguration section */

/* Begin XCConfigurationList section */
		58B511D61A9E6C8500147676 /* Build configuration list for PBXProject "WhatsAppStickersShare" */ = {
			isa = XCConfigurationList;
			buildConfigurations = (
				58B511ED1A9E6C8500147676 /* Debug */,
				58B511EE1A9E6C8500147676 /* Release */,
			);
			defaultConfigurationIsVisible = 0;
			defaultConfigurationName = Release;
		};
		58B511EF1A9E6C8500147676 /* Build configuration list for PBXNativeTarget "WhatsAppStickersShare" */ = {
			isa = XCConfigurationList;
			buildConfigurations = (
				58B511F01A9E6C8500147676 /* Debug */,
				58B511F11A9E6C8500147676 /* Release */,
			);
			defaultConfigurationIsVisible = 0;
			defaultConfigurationName = Release;
		};
/* End XCConfigurationList section */
	};
	rootObject = 58B511D31A9E6C8500147676 /* Project object */;
}
